
Microsoft Visual Studio Solution File, Format Version 12.00
# Visual Studio Version 17
VisualStudioVersion = 17.2.32516.85
MinimumVisualStudioVersion = 10.0.40219.1
Project("{9A19103F-16F7-4668-BE54-9A1E7A4F7556}") = "CoreUtilities", "..\CoreUtilities\CoreUtilities.csproj", "{58D4D66B-D654-4B3E-AB92-3FDB40C911B6}"
EndProject
Project("{9A19103F-16F7-4668-BE54-9A1E7A4F7556}") = "Diary", "Diary\Diary.csproj", "{F226CF30-7D85-4EEC-A568-52FA4698741B}"
EndProject
Project("{9A19103F-16F7-4668-BE54-9A1E7A4F7556}") = "Diary.Core", "Diary.Core\Diary.Core.csproj", "{5787CD5A-7CB3-4A61-A049-B459E505EC43}"
EndProject
Project("{9A19103F-16F7-4668-BE54-9A1E7A4F7556}") = "ModernThemables", "..\ModernThemables\ModernThemables\ModernThemables.csproj", "{134E8928-F2C4-4356-8C90-0E12DBCFB848}"
EndProject
Project("{9A19103F-16F7-4668-BE54-9A1E7A4F7556}") = "ModernThemables.Icons", "..\ModernThemables\ModernThemables.Icons\ModernThemables.Icons.csproj", "{B1525391-FB58-481F-BC9B-4B28A8B0D74B}"
EndProject
Global
	GlobalSection(SolutionConfigurationPlatforms) = preSolution
		Debug|Any CPU = Debug|Any CPU
		Release|Any CPU = Release|Any CPU
	EndGlobalSection
	GlobalSection(ProjectConfigurationPlatforms) = postSolution
		{58D4D66B-D654-4B3E-AB92-3FDB40C911B6}.Debug|Any CPU.ActiveCfg = Debug|Any CPU
		{58D4D66B-D654-4B3E-AB92-3FDB40C911B6}.Debug|Any CPU.Build.0 = Debug|Any CPU
		{58D4D66B-D654-4B3E-AB92-3FDB40C911B6}.Release|Any CPU.ActiveCfg = Release|Any CPU
		{58D4D66B-D654-4B3E-AB92-3FDB40C911B6}.Release|Any CPU.Build.0 = Release|Any CPU
		{F226CF30-7D85-4EEC-A568-52FA4698741B}.Debug|Any CPU.ActiveCfg = Debug|Any CPU
		{F226CF30-7D85-4EEC-A568-52FA4698741B}.Debug|Any CPU.Build.0 = Debug|Any CPU
		{F226CF30-7D85-4EEC-A568-52FA4698741B}.Release|Any CPU.ActiveCfg = Release|Any CPU
		{F226CF30-7D85-4EEC-A568-52FA4698741B}.Release|Any CPU.Build.0 = Release|Any CPU
		{5787CD5A-7CB3-4A61-A049-B459E505EC43}.Debug|Any CPU.ActiveCfg = Debug|Any CPU
		{5787CD5A-7CB3-4A61-A049-B459E505EC43}.Debug|Any CPU.Build.0 = Debug|Any CPU
		{5787CD5A-7CB3-4A61-A049-B459E505EC43}.Release|Any CPU.ActiveCfg = Release|Any CPU
		{5787CD5A-7CB3-4A61-A049-B459E505EC43}.Release|Any CPU.Build.0 = Release|Any CPU
		{134E8928-F2C4-4356-8C90-0E12DBCFB848}.Debug|Any CPU.ActiveCfg = Debug|Any CPU
		{134E8928-F2C4-4356-8C90-0E12DBCFB848}.Debug|Any CPU.Build.0 = Debug|Any CPU
		{134E8928-F2C4-4356-8C90-0E12DBCFB848}.Release|Any CPU.ActiveCfg = Release|Any CPU
		{134E8928-F2C4-4356-8C90-0E12DBCFB848}.Release|Any CPU.Build.0 = Release|Any CPU
		{B1525391-FB58-481F-BC9B-4B28A8B0D74B}.Debug|Any CPU.ActiveCfg = Debug|Any CPU
		{B1525391-FB58-481F-BC9B-4B28A8B0D74B}.Debug|Any CPU.Build.0 = Debug|Any CPU
		{B1525391-FB58-481F-BC9B-4B28A8B0D74B}.Release|Any CPU.ActiveCfg = Release|Any CPU
		{B1525391-FB58-481F-BC9B-4B28A8B0D74B}.Release|Any CPU.Build.0 = Release|Any CPU
	EndGlobalSection
	GlobalSection(SolutionProperties) = preSolution
		HideSolutionNode = FALSE
	EndGlobalSection
	GlobalSection(ExtensibilityGlobals) = postSolution
		SolutionGuid = {E93331EA-2838-4D17-B21C-D49079C9963B}
	EndGlobalSection
EndGlobal
